# This file is automatically @generated by Cargo.
# It is not intended for manual editing.
version = 3

[[package]]
name = "aarch64-cpu"
version = "9.4.0"
source = "registry+https://github.com/rust-lang/crates.io-index"
checksum = "ac42a04a61c19fc8196dd728022a784baecc5d63d7e256c01ad1b3fbfab26287"
dependencies = [
 "tock-registers",
]

[[package]]
name = "axaddrspace"
version = "0.1.0"
source = "git+https://github.com/arceos-hypervisor/axaddrspace.git#8a00118bdd0607004f1a38a6805ef46f67c4aa9b"
dependencies = [
 "axerrno",
 "bit_field",
 "bitflags 2.6.0",
 "cfg-if",
 "lazyinit",
 "log",
 "memory_addr 0.2.1",
 "memory_set",
 "numeric-enum-macro",
 "page_table_entry",
 "page_table_multiarch",
]

[[package]]
name = "axdevice_base"
version = "0.1.0"
dependencies = [
 "axaddrspace",
 "axerrno",
 "cfg-if",
 "log",
 "memory_addr 0.3.0",
 "serde",
]

[[package]]
name = "axdevice_base"
version = "0.1.0"
source = "git+https://github.com/arceos-hypervisor/axdevice_crates.git#c7cec0f4434c424120ff8aca76c2b2e5e4f497b9"
dependencies = [
 "axaddrspace",
 "axerrno",
 "cfg-if",
 "log",
 "memory_addr 0.3.0",
 "serde",
]

[[package]]
name = "axerrno"
version = "0.1.0"
source = "registry+https://github.com/rust-lang/crates.io-index"
checksum = "66ccd41dd4ef364e2385901a5c2a3adea974a41eccb2529c1f24e4c8bc93d834"
dependencies = [
 "log",
]

[[package]]
name = "bit_field"
version = "0.10.2"
source = "registry+https://github.com/rust-lang/crates.io-index"
checksum = "dc827186963e592360843fb5ba4b973e145841266c1357f7180c43526f2e5b61"

[[package]]
name = "bitflags"
version = "1.3.2"
source = "registry+https://github.com/rust-lang/crates.io-index"
checksum = "bef38d45163c2f1dde094a7dfd33ccf595c92905c8f8f4fdc18d06fb1037718a"

[[package]]
name = "bitflags"
version = "2.6.0"
source = "registry+https://github.com/rust-lang/crates.io-index"
checksum = "b048fb63fd8b5923fc5aa7b340d8e156aec7ec02f0c78fa8a6ddc2613f6f71de"

[[package]]
name = "cfg-if"
version = "1.0.0"
source = "registry+https://github.com/rust-lang/crates.io-index"
checksum = "baf1de4339761588bc0619e3cbc0120ee582ebb74b53b4efbf79117bd2da40fd"

[[package]]
name = "critical-section"
version = "1.1.3"
source = "registry+https://github.com/rust-lang/crates.io-index"
checksum = "f64009896348fc5af4222e9cf7d7d82a95a256c634ebcf61c53e4ea461422242"

[[package]]
name = "embedded-hal"
version = "1.0.0"
source = "registry+https://github.com/rust-lang/crates.io-index"
checksum = "361a90feb7004eca4019fb28352a9465666b24f840f5c3cddf0ff13920590b89"

[[package]]
name = "lazyinit"
version = "0.2.1"
source = "registry+https://github.com/rust-lang/crates.io-index"
checksum = "3861aac8febbb038673bf945ee47ac67940ca741b94d1bb3ff6066af2a181338"

[[package]]
name = "log"
version = "0.4.19"
source = "registry+https://github.com/rust-lang/crates.io-index"
checksum = "b06a4cde4c0f271a446782e3eff8de789548ce57dbc8eca9292c27f4a42004b4"

[[package]]
name = "memory_addr"
version = "0.2.1"
source = "registry+https://github.com/rust-lang/crates.io-index"
checksum = "4c59c2ac537a8198f50fe22e8783bdbef2011cd133d5c03748d1e5bc85c9fc4d"

[[package]]
name = "memory_addr"
version = "0.3.0"
source = "registry+https://github.com/rust-lang/crates.io-index"
checksum = "2ca25419c2b34080d526d6836a53dcab129767ab6a9904587c87265ae6d41aa9"

[[package]]
name = "memory_set"
version = "0.1.0"
source = "registry+https://github.com/rust-lang/crates.io-index"
checksum = "e46119df8fd48e57474c6db295a4b3068ed9fcbfd9c5467745880eb97cfc7808"
dependencies = [
 "memory_addr 0.2.1",
]

[[package]]
name = "numeric-enum-macro"
version = "0.2.0"
source = "registry+https://github.com/rust-lang/crates.io-index"
checksum = "300e4bdb6b46b592948e700ea1ef24a4296491f6a0ee722b258040abd15a3714"

[[package]]
name = "page_table_entry"
version = "0.3.3"
source = "registry+https://github.com/rust-lang/crates.io-index"
checksum = "35f17319630d6761bcdc01799b94fdd1e840c35f3bdd96b6a6fa4ba4558b9c61"
dependencies = [
 "aarch64-cpu",
 "bitflags 2.6.0",
 "memory_addr 0.2.1",
 "x86_64",
]

[[package]]
name = "page_table_multiarch"
version = "0.3.3"
source = "registry+https://github.com/rust-lang/crates.io-index"
checksum = "bbadb72a6e6ef8e7ab533b84956ce3fe660b939fa6dea86f41b3112f4ff2ce5e"
dependencies = [
 "log",
 "memory_addr 0.2.1",
 "page_table_entry",
 "riscv",
 "x86",
]

[[package]]
name = "proc-macro2"
version = "1.0.86"
source = "registry+https://github.com/rust-lang/crates.io-index"
checksum = "5e719e8df665df0d1c8fbfd238015744736151d4445ec0836b8e628aae103b77"
dependencies = [
 "unicode-ident",
]

[[package]]
name = "quote"
version = "1.0.37"
source = "registry+https://github.com/rust-lang/crates.io-index"
checksum = "b5b9d34b8991d19d98081b46eacdd8eb58c6f2b201139f7c5f643cc155a633af"
dependencies = [
 "proc-macro2",
]

[[package]]
name = "raw-cpuid"
version = "10.7.0"
source = "registry+https://github.com/rust-lang/crates.io-index"
checksum = "6c297679cb867470fa8c9f67dbba74a78d78e3e98d7cf2b08d6d71540f797332"
dependencies = [
 "bitflags 1.3.2",
]

[[package]]
name = "riscv"
version = "0.11.1"
source = "registry+https://github.com/rust-lang/crates.io-index"
checksum = "2f5c1b8bf41ea746266cdee443d1d1e9125c86ce1447e1a2615abd34330d33a9"
dependencies = [
 "critical-section",
 "embedded-hal",
]

[[package]]
name = "rustversion"
version = "1.0.17"
source = "registry+https://github.com/rust-lang/crates.io-index"
checksum = "955d28af4278de8121b7ebeb796b6a45735dc01436d898801014aced2773a3d6"

[[package]]
name = "serde"
version = "1.0.209"
source = "registry+https://github.com/rust-lang/crates.io-index"
checksum = "99fce0ffe7310761ca6bf9faf5115afbc19688edd00171d81b1bb1b116c63e09"
dependencies = [
 "serde_derive",
]

[[package]]
name = "serde_derive"
version = "1.0.209"
source = "registry+https://github.com/rust-lang/crates.io-index"
checksum = "a5831b979fd7b5439637af1752d535ff49f4860c0f341d1baeb6faf0f4242170"
dependencies = [
 "proc-macro2",
 "quote",
 "syn",
]

[[package]]
name = "syn"
version = "2.0.77"
source = "registry+https://github.com/rust-lang/crates.io-index"
checksum = "9f35bcdf61fd8e7be6caf75f429fdca8beb3ed76584befb503b1569faee373ed"
dependencies = [
 "proc-macro2",
 "quote",
 "unicode-ident",
]

[[package]]
name = "tock-registers"
version = "0.8.1"
source = "registry+https://github.com/rust-lang/crates.io-index"
checksum = "696941a0aee7e276a165a978b37918fd5d22c55c3d6bda197813070ca9c0f21c"

[[package]]
name = "unicode-ident"
version = "1.0.12"
source = "registry+https://github.com/rust-lang/crates.io-index"
checksum = "3354b9ac3fae1ff6755cb6db53683adb661634f67557942dea4facebec0fee4b"

[[package]]
name = "vgic"
version = "0.1.0"
dependencies = [
 "axaddrspace",
 "axdevice_base 0.1.0 (git+https://github.com/arceos-hypervisor/axdevice_crates.git)",
 "axerrno",
 "memory_addr 0.3.0",
]

[[package]]
name = "volatile"
version = "0.4.6"
source = "registry+https://github.com/rust-lang/crates.io-index"
checksum = "442887c63f2c839b346c192d047a7c87e73d0689c9157b00b53dcc27dd5ea793"

[[package]]
name = "x86"
version = "0.52.0"
source = "registry+https://github.com/rust-lang/crates.io-index"
checksum = "2781db97787217ad2a2845c396a5efe286f87467a5810836db6d74926e94a385"
dependencies = [
 "bit_field",
 "bitflags 1.3.2",
 "raw-cpuid",
]

[[package]]
name = "x86_64"
version = "0.15.1"
source = "registry+https://github.com/rust-lang/crates.io-index"
checksum = "4bc79523af8abf92fb1a970c3e086c5a343f6bcc1a0eb890f575cbb3b45743df"
dependencies = [
 "bit_field",
 "bitflags 2.6.0",
 "rustversion",
 "volatile",
]
